
Microsoft Visual Studio Solution File, Format Version 12.00
# Visual Studio 15
VisualStudioVersion = 15.0.27703.2026
MinimumVisualStudioVersion = 10.0.40219.1
Project("{FAE04EC0-301F-11D3-BF4B-00C04F79EFBC}") = "WebApplicationMagic", "WebApplicationMagic\WebApplicationMagic.csproj", "{2610A670-F2C5-419D-BA63-6AB74A350A12}"
EndProject
Global
	GlobalSection(SolutionConfigurationPlatforms) = preSolution
		Debug|Any CPU = Debug|Any CPU
		Release|Any CPU = Release|Any CPU
	EndGlobalSection
	GlobalSection(ProjectConfigurationPlatforms) = postSolution
		{2610A670-F2C5-419D-BA63-6AB74A350A12}.Debug|Any CPU.ActiveCfg = Debug|Any CPU
		{2610A670-F2C5-419D-BA63-6AB74A350A12}.Debug|Any CPU.Build.0 = Debug|Any CPU
		{2610A670-F2C5-419D-BA63-6AB74A350A12}.Release|Any CPU.ActiveCfg = Release|Any CPU
		{2610A670-F2C5-419D-BA63-6AB74A350A12}.Release|Any CPU.Build.0 = Release|Any CPU
	EndGlobalSection
	GlobalSection(SolutionProperties) = preSolution
		HideSolutionNode = FALSE
	EndGlobalSection
	GlobalSection(ExtensibilityGlobals) = postSolution
		SolutionGuid = {775C0266-3D92-4FEF-841B-6120D6D67927}
	EndGlobalSection
EndGlobal
